
Microsoft Visual Studio Solution File, Format Version 12.00
# Visual Studio Version 17
VisualStudioVersion = 17.2.32602.215
MinimumVisualStudioVersion = 10.0.40219.1
Project("{9A19103F-16F7-4668-BE54-9A1E7A4F7556}") = "Api", "src\Api\Api.csproj", "{BF1C1A99-F435-4D99-AC87-08D5A042F681}"
EndProject
Project("{9A19103F-16F7-4668-BE54-9A1E7A4F7556}") = "Application", "src\Application\Application.csproj", "{668FE545-07DE-4498-906E-BE56D1BA9CD3}"
EndProject
Project("{9A19103F-16F7-4668-BE54-9A1E7A4F7556}") = "Domain", "src\Domain\Domain.csproj", "{A94F45F3-5520-476E-A905-CB57986A91E3}"
EndProject
Project("{9A19103F-16F7-4668-BE54-9A1E7A4F7556}") = "Persistence", "src\Persistence\Persistence.csproj", "{0F6362F3-FF1D-4547-B959-8FC428F4CE5E}"
EndProject
Project("{2150E333-8FDC-42A3-9474-1A3956D46DE8}") = "Solution Items", "Solution Items", "{A053AA92-22EC-4FC8-B550-694C034847B2}"
EndProject
Project("{9A19103F-16F7-4668-BE54-9A1E7A4F7556}") = "FunctionalTests", "tests\FunctionalTests\FunctionalTests.csproj", "{5BD3E243-37D7-4F7C-88B5-15C6F451D223}"
EndProject
Project("{2150E333-8FDC-42A3-9474-1A3956D46DE8}") = "src", "src", "{B2BE60B5-700F-4BC2-B213-DE9431E13216}"
EndProject
Project("{2150E333-8FDC-42A3-9474-1A3956D46DE8}") = "tests", "tests", "{533CD522-D13C-4E30-8F02-6178C46C46EC}"
EndProject
Project("{9A19103F-16F7-4668-BE54-9A1E7A4F7556}") = "Michael.Net", "..\Michael.Net\src\Michael.Net\Michael.Net.csproj", "{5A2C3CB6-FD10-4AB3-9414-1ADD0D5B8826}"
EndProject
Project("{9A19103F-16F7-4668-BE54-9A1E7A4F7556}") = "Michael.Net.Tests", "..\Michael.Net\tests\Michael.Net.Tests\Michael.Net.Tests.csproj", "{92DA0F83-B5E0-4C88-9F28-BA9D9C01481E}"
EndProject
Project("{9A19103F-16F7-4668-BE54-9A1E7A4F7556}") = "Persistence.EntityFrameworkCore", "src\Persistence.EntityFrameworkCore\Persistence.EntityFrameworkCore.csproj", "{11C368C7-304A-4034-B623-066EC65486DB}"
EndProject
Project("{9A19103F-16F7-4668-BE54-9A1E7A4F7556}") = "Persistence.Migrator", "src\Persistence.Migrator\Persistence.Migrator.csproj", "{EE2D1B90-6E56-453F-881A-9AB4B6666846}"
EndProject
Project("{9A19103F-16F7-4668-BE54-9A1E7A4F7556}") = "CrossCutting", "src\CrossCutting\CrossCutting.csproj", "{4A133811-13E4-4889-A99E-02B0E92FC1F2}"
EndProject
Project("{9A19103F-16F7-4668-BE54-9A1E7A4F7556}") = "Dapper.Logging", "src\Dapper.Logging\Dapper.Logging.csproj", "{D4D4E481-687F-40B7-BD6D-7827E8410C90}"
EndProject
Global
	GlobalSection(SolutionConfigurationPlatforms) = preSolution
		Debug|Any CPU = Debug|Any CPU
		Release|Any CPU = Release|Any CPU
	EndGlobalSection
	GlobalSection(ProjectConfigurationPlatforms) = postSolution
		{BF1C1A99-F435-4D99-AC87-08D5A042F681}.Debug|Any CPU.ActiveCfg = Debug|Any CPU
		{BF1C1A99-F435-4D99-AC87-08D5A042F681}.Debug|Any CPU.Build.0 = Debug|Any CPU
		{BF1C1A99-F435-4D99-AC87-08D5A042F681}.Release|Any CPU.ActiveCfg = Release|Any CPU
		{BF1C1A99-F435-4D99-AC87-08D5A042F681}.Release|Any CPU.Build.0 = Release|Any CPU
		{668FE545-07DE-4498-906E-BE56D1BA9CD3}.Debug|Any CPU.ActiveCfg = Debug|Any CPU
		{668FE545-07DE-4498-906E-BE56D1BA9CD3}.Debug|Any CPU.Build.0 = Debug|Any CPU
		{668FE545-07DE-4498-906E-BE56D1BA9CD3}.Release|Any CPU.ActiveCfg = Release|Any CPU
		{668FE545-07DE-4498-906E-BE56D1BA9CD3}.Release|Any CPU.Build.0 = Release|Any CPU
		{A94F45F3-5520-476E-A905-CB57986A91E3}.Debug|Any CPU.ActiveCfg = Debug|Any CPU
		{A94F45F3-5520-476E-A905-CB57986A91E3}.Debug|Any CPU.Build.0 = Debug|Any CPU
		{A94F45F3-5520-476E-A905-CB57986A91E3}.Release|Any CPU.ActiveCfg = Release|Any CPU
		{A94F45F3-5520-476E-A905-CB57986A91E3}.Release|Any CPU.Build.0 = Release|Any CPU
		{0F6362F3-FF1D-4547-B959-8FC428F4CE5E}.Debug|Any CPU.ActiveCfg = Debug|Any CPU
		{0F6362F3-FF1D-4547-B959-8FC428F4CE5E}.Debug|Any CPU.Build.0 = Debug|Any CPU
		{0F6362F3-FF1D-4547-B959-8FC428F4CE5E}.Release|Any CPU.ActiveCfg = Release|Any CPU
		{0F6362F3-FF1D-4547-B959-8FC428F4CE5E}.Release|Any CPU.Build.0 = Release|Any CPU
		{5BD3E243-37D7-4F7C-88B5-15C6F451D223}.Debug|Any CPU.ActiveCfg = Debug|Any CPU
		{5BD3E243-37D7-4F7C-88B5-15C6F451D223}.Debug|Any CPU.Build.0 = Debug|Any CPU
		{5BD3E243-37D7-4F7C-88B5-15C6F451D223}.Release|Any CPU.ActiveCfg = Release|Any CPU
		{5BD3E243-37D7-4F7C-88B5-15C6F451D223}.Release|Any CPU.Build.0 = Release|Any CPU
		{5A2C3CB6-FD10-4AB3-9414-1ADD0D5B8826}.Debug|Any CPU.ActiveCfg = Debug|Any CPU
		{5A2C3CB6-FD10-4AB3-9414-1ADD0D5B8826}.Debug|Any CPU.Build.0 = Debug|Any CPU
		{5A2C3CB6-FD10-4AB3-9414-1ADD0D5B8826}.Release|Any CPU.ActiveCfg = Release|Any CPU
		{5A2C3CB6-FD10-4AB3-9414-1ADD0D5B8826}.Release|Any CPU.Build.0 = Release|Any CPU
		{92DA0F83-B5E0-4C88-9F28-BA9D9C01481E}.Debug|Any CPU.ActiveCfg = Debug|Any CPU
		{92DA0F83-B5E0-4C88-9F28-BA9D9C01481E}.Debug|Any CPU.Build.0 = Debug|Any CPU
		{92DA0F83-B5E0-4C88-9F28-BA9D9C01481E}.Release|Any CPU.ActiveCfg = Release|Any CPU
		{92DA0F83-B5E0-4C88-9F28-BA9D9C01481E}.Release|Any CPU.Build.0 = Release|Any CPU
		{11C368C7-304A-4034-B623-066EC65486DB}.Debug|Any CPU.ActiveCfg = Debug|Any CPU
		{11C368C7-304A-4034-B623-066EC65486DB}.Debug|Any CPU.Build.0 = Debug|Any CPU
		{11C368C7-304A-4034-B623-066EC65486DB}.Release|Any CPU.ActiveCfg = Release|Any CPU
		{11C368C7-304A-4034-B623-066EC65486DB}.Release|Any CPU.Build.0 = Release|Any CPU
		{EE2D1B90-6E56-453F-881A-9AB4B6666846}.Debug|Any CPU.ActiveCfg = Debug|Any CPU
		{EE2D1B90-6E56-453F-881A-9AB4B6666846}.Debug|Any CPU.Build.0 = Debug|Any CPU
		{EE2D1B90-6E56-453F-881A-9AB4B6666846}.Release|Any CPU.ActiveCfg = Release|Any CPU
		{EE2D1B90-6E56-453F-881A-9AB4B6666846}.Release|Any CPU.Build.0 = Release|Any CPU
		{4A133811-13E4-4889-A99E-02B0E92FC1F2}.Debug|Any CPU.ActiveCfg = Debug|Any CPU
		{4A133811-13E4-4889-A99E-02B0E92FC1F2}.Debug|Any CPU.Build.0 = Debug|Any CPU
		{4A133811-13E4-4889-A99E-02B0E92FC1F2}.Release|Any CPU.ActiveCfg = Release|Any CPU
		{4A133811-13E4-4889-A99E-02B0E92FC1F2}.Release|Any CPU.Build.0 = Release|Any CPU
		{D4D4E481-687F-40B7-BD6D-7827E8410C90}.Debug|Any CPU.ActiveCfg = Debug|Any CPU
		{D4D4E481-687F-40B7-BD6D-7827E8410C90}.Debug|Any CPU.Build.0 = Debug|Any CPU
		{D4D4E481-687F-40B7-BD6D-7827E8410C90}.Release|Any CPU.ActiveCfg = Release|Any CPU
		{D4D4E481-687F-40B7-BD6D-7827E8410C90}.Release|Any CPU.Build.0 = Release|Any CPU
	EndGlobalSection
	GlobalSection(SolutionProperties) = preSolution
		HideSolutionNode = FALSE
	EndGlobalSection
	GlobalSection(NestedProjects) = preSolution
		{BF1C1A99-F435-4D99-AC87-08D5A042F681} = {B2BE60B5-700F-4BC2-B213-DE9431E13216}
		{668FE545-07DE-4498-906E-BE56D1BA9CD3} = {B2BE60B5-700F-4BC2-B213-DE9431E13216}
		{A94F45F3-5520-476E-A905-CB57986A91E3} = {B2BE60B5-700F-4BC2-B213-DE9431E13216}
		{0F6362F3-FF1D-4547-B959-8FC428F4CE5E} = {B2BE60B5-700F-4BC2-B213-DE9431E13216}
		{5BD3E243-37D7-4F7C-88B5-15C6F451D223} = {533CD522-D13C-4E30-8F02-6178C46C46EC}
		{11C368C7-304A-4034-B623-066EC65486DB} = {B2BE60B5-700F-4BC2-B213-DE9431E13216}
		{EE2D1B90-6E56-453F-881A-9AB4B6666846} = {B2BE60B5-700F-4BC2-B213-DE9431E13216}
		{4A133811-13E4-4889-A99E-02B0E92FC1F2} = {B2BE60B5-700F-4BC2-B213-DE9431E13216}
		{D4D4E481-687F-40B7-BD6D-7827E8410C90} = {B2BE60B5-700F-4BC2-B213-DE9431E13216}
	EndGlobalSection
	GlobalSection(ExtensibilityGlobals) = postSolution
		SolutionGuid = {36654296-38F7-46E8-87D6-C9A3BFFE12A8}
	EndGlobalSection
EndGlobal
